
Microsoft Visual Studio Solution File, Format Version 12.00
# Visual Studio 15
VisualStudioVersion = 15.0.28307.329
MinimumVisualStudioVersion = 10.0.40219.1
Project("{F14B399A-7131-4C87-9E4B-1186C45EF12D}") = "Report Project1", "Report Project1\Report Project1.rptproj", "{F0069DBD-4643-4186-80B6-CEAC819424BE}"
EndProject
Global
	GlobalSection(SolutionConfigurationPlatforms) = preSolution
		Debug|Default = Debug|Default
		DebugLocal|Default = DebugLocal|Default
		Release|Default = Release|Default
	EndGlobalSection
	GlobalSection(ProjectConfigurationPlatforms) = postSolution
		{F0069DBD-4643-4186-80B6-CEAC819424BE}.Debug|Default.ActiveCfg = Debug
		{F0069DBD-4643-4186-80B6-CEAC819424BE}.Debug|Default.Build.0 = Debug
		{F0069DBD-4643-4186-80B6-CEAC819424BE}.Debug|Default.Deploy.0 = Debug
		{F0069DBD-4643-4186-80B6-CEAC819424BE}.DebugLocal|Default.ActiveCfg = DebugLocal
		{F0069DBD-4643-4186-80B6-CEAC819424BE}.DebugLocal|Default.Build.0 = DebugLocal
		{F0069DBD-4643-4186-80B6-CEAC819424BE}.Release|Default.ActiveCfg = Release
		{F0069DBD-4643-4186-80B6-CEAC819424BE}.Release|Default.Build.0 = Release
		{F0069DBD-4643-4186-80B6-CEAC819424BE}.Release|Default.Deploy.0 = Release
	EndGlobalSection
	GlobalSection(SolutionProperties) = preSolution
		HideSolutionNode = FALSE
	EndGlobalSection
	GlobalSection(ExtensibilityGlobals) = postSolution
		SolutionGuid = {5CE669AB-4C0B-4801-91D0-17706930A9AE}
	EndGlobalSection
EndGlobal
